{
  "lockfileVersion": 1,
  "configVersion": 1,
  "workspaces": {
    "": {
      "name": "executor",
      "dependencies": {
        "@rescript/react": "^0.14.0",
        "@rescript/runtime": "^12.0.0",
        "executor": "link:executor",
        "executor-ui": "link:executor-ui",
        "react": "19.2.0",
        "rescript-embed-lang": "^0.5.5",
      },
    },
  },
  "trustedDependencies": [
    "rescript-embed-lang",
  ],
  "packages": {
    "@rescript/react": ["@rescript/react@0.14.0", "", { "peerDependencies": { "react": ">=19.0.0", "react-dom": ">=19.0.0" } }, "sha512-ncOHWK7ujQmff+QMYKRmtwETvJVolzkwRpDa0MFenEXdUz9ZYywNbq+xH9F9RDQeSwC3/4s9JeUQVyTu4fMpHw=="],

    "@rescript/runtime": ["@rescript/runtime@12.0.0", "", {}, "sha512-STRbYHT5rnW61vWn2+Bdtj620XaprnoBSbPbkvOYZ+Zs8nfqtpBjhNw+JNpGQLXf73crk6MhxFGPxL2o5vb8TQ=="],

    "executor": ["executor@link:executor", {}],

    "executor-ui": ["executor-ui@link:executor-ui", {}],

    "react": ["react@19.2.0", "", {}, "sha512-tmbWg6W31tQLeB5cdIBOicJDJRR2KzXsV7uSK9iNfLWQ5bIZfxuPEHp7M8wiHyHnn0DD1i7w3Zmin0FtkrwoCQ=="],

    "react-dom": ["react-dom@19.2.0", "", { "dependencies": { "scheduler": "^0.27.0" }, "peerDependencies": { "react": "^19.2.0" } }, "sha512-UlbRu4cAiGaIewkPyiRGJk0imDN2T3JjieT6spoL2UeSf5od4n5LB/mQ4ejmxhCFT1tYe8IvaFulzynWovsEFQ=="],

    "rescript-embed-lang": ["rescript-embed-lang@0.5.5", "", {}, "sha512-XImHvK8bUsRmoalwlcVTHeUGN7frcs4PO5Dkj0xAcKkXC5HN2jepJ3sJbdVRhFyKIpzRt3w+MmaAbOi3Q085Dg=="],

    "scheduler": ["scheduler@0.27.0", "", {}, "sha512-eNv+WrVbKu1f3vbYJT/xtiF5syA5HPIMtf9IgY/nKg0sWqzAUEvqY/xm7OcZc/qafLx/iO9FgOmeSAp4v5ti/Q=="],
  }
}
