lockfileVersion: '9.0'

settings:
  autoInstallPeers: true
  excludeLinksFromLockfile: false

importers:

  .:
    dependencies:
      '@rescript/react':
        specifier: ^0.14.0
        version: 0.14.0(react-dom@19.2.0(react@19.2.0))(react@19.2.0)
      '@rescript/runtime':
        specifier: ^12.0.0
        version: 12.0.0
      executor:
        specifier: link:executor
        version: link:executor
      executor-ui:
        specifier: link:executor-ui
        version: link:executor-ui
      react:
        specifier: 19.2.0
        version: 19.2.0
      rescript:
        specifier: 12.0.0
        version: 12.0.0
      rescript-embed-lang:
        specifier: ^0.5.5
        version: 0.5.5
    devDependencies:
      '@rescript/core':
        specifier: ^1.6.1
        version: 1.6.1(rescript@12.0.0)

packages:

  '@rescript/core@1.6.1':
    resolution: {integrity: sha512-vyb5k90ck+65Fgui+5vCja/mUfzKaK3kOPT4Z6aAJdHLH1eljEi1zKhXroCiCtpNLSWp8k4ulh1bdB5WS0hvqA==}
    peerDependencies:
      rescript: '>=11.1.0'

  '@rescript/darwin-arm64@12.0.0':
    resolution: {integrity: sha512-N2zNj/Uh0zrg8BJGWxdQjYTDf0d2ZV8D+Vmct8xORaUcEZvAkvZb+xA66UxP2QGhWmATcHmBth7oJ48xpWz/Vg==}
    engines: {node: '>=20.11.0'}
    cpu: [arm64]
    os: [darwin]

  '@rescript/darwin-x64@12.0.0':
    resolution: {integrity: sha512-Qx/ao3Fl2lx3rF8mbRsyRK5HGAx8pmzyCdpSIAaUun5wLBnsJbNqgvqUH7VeI2TwaczHvcIljrYmnB7T5LJdFQ==}
    engines: {node: '>=20.11.0'}
    cpu: [x64]
    os: [darwin]

  '@rescript/linux-arm64@12.0.0':
    resolution: {integrity: sha512-H65csj/0uqqjYy235m0h5CFxbrsas6RoVfjy5Xjf91Vyg/r5R/QIGQvhMtFvl4QojYsa1wXzXGcujwXh+S15xQ==}
    engines: {node: '>=20.11.0'}
    cpu: [arm64]
    os: [linux]

  '@rescript/linux-x64@12.0.0':
    resolution: {integrity: sha512-WizQwyfMadxF096foZYU3I4zxcnNIc9XP7TP4fqdfe0v6OvQ5yHMI/uIfOsJ1GfNALce2UxvgS0pn67uxc55uA==}
    engines: {node: '>=20.11.0'}
    cpu: [x64]
    os: [linux]

  '@rescript/react@0.14.0':
    resolution: {integrity: sha512-ncOHWK7ujQmff+QMYKRmtwETvJVolzkwRpDa0MFenEXdUz9ZYywNbq+xH9F9RDQeSwC3/4s9JeUQVyTu4fMpHw==}
    peerDependencies:
      react: '>=19.0.0'
      react-dom: '>=19.0.0'

  '@rescript/runtime@12.0.0':
    resolution: {integrity: sha512-STRbYHT5rnW61vWn2+Bdtj620XaprnoBSbPbkvOYZ+Zs8nfqtpBjhNw+JNpGQLXf73crk6MhxFGPxL2o5vb8TQ==}

  '@rescript/win32-x64@12.0.0':
    resolution: {integrity: sha512-kkqj4kQGbni5YglWoPm76M6hUuzKJHDEiLce5EZxW2Q4FrkS9dNRgm02c2Ck1cz/uKCS3m+ZoKQGIMMXTvo5Jw==}
    engines: {node: '>=20.11.0'}
    cpu: [x64]
    os: [win32]

  react-dom@19.2.0:
    resolution: {integrity: sha512-UlbRu4cAiGaIewkPyiRGJk0imDN2T3JjieT6spoL2UeSf5od4n5LB/mQ4ejmxhCFT1tYe8IvaFulzynWovsEFQ==}
    peerDependencies:
      react: ^19.2.0

  react@19.2.0:
    resolution: {integrity: sha512-tmbWg6W31tQLeB5cdIBOicJDJRR2KzXsV7uSK9iNfLWQ5bIZfxuPEHp7M8wiHyHnn0DD1i7w3Zmin0FtkrwoCQ==}
    engines: {node: '>=0.10.0'}

  rescript-embed-lang@0.5.5:
    resolution: {integrity: sha512-XImHvK8bUsRmoalwlcVTHeUGN7frcs4PO5Dkj0xAcKkXC5HN2jepJ3sJbdVRhFyKIpzRt3w+MmaAbOi3Q085Dg==}

  rescript@12.0.0:
    resolution: {integrity: sha512-DGcZI2L5W0c6FuEnspLE0MIe1UtTt1VsW/vQfzBFCEBxSsQtoA6YRHUB8Puwnb30PHqZiFK1ADhn6UgA8LWK0A==}
    engines: {node: '>=20.11.0'}
    hasBin: true

  scheduler@0.27.0:
    resolution: {integrity: sha512-eNv+WrVbKu1f3vbYJT/xtiF5syA5HPIMtf9IgY/nKg0sWqzAUEvqY/xm7OcZc/qafLx/iO9FgOmeSAp4v5ti/Q==}

snapshots:

  '@rescript/core@1.6.1(rescript@12.0.0)':
    dependencies:
      rescript: 12.0.0

  '@rescript/darwin-arm64@12.0.0':
    optional: true

  '@rescript/darwin-x64@12.0.0':
    optional: true

  '@rescript/linux-arm64@12.0.0':
    optional: true

  '@rescript/linux-x64@12.0.0':
    optional: true

  '@rescript/react@0.14.0(react-dom@19.2.0(react@19.2.0))(react@19.2.0)':
    dependencies:
      react: 19.2.0
      react-dom: 19.2.0(react@19.2.0)

  '@rescript/runtime@12.0.0': {}

  '@rescript/win32-x64@12.0.0':
    optional: true

  react-dom@19.2.0(react@19.2.0):
    dependencies:
      react: 19.2.0
      scheduler: 0.27.0

  react@19.2.0: {}

  rescript-embed-lang@0.5.5: {}

  rescript@12.0.0:
    dependencies:
      '@rescript/runtime': 12.0.0
    optionalDependencies:
      '@rescript/darwin-arm64': 12.0.0
      '@rescript/darwin-x64': 12.0.0
      '@rescript/linux-arm64': 12.0.0
      '@rescript/linux-x64': 12.0.0
      '@rescript/win32-x64': 12.0.0

  scheduler@0.27.0: {}
