lockfileVersion: '9.0'

settings:
  autoInstallPeers: true
  excludeLinksFromLockfile: false

overrides:
  common: link:common

importers:

  .:
    dependencies:
      '@fontsource/inter':
        specifier: ^5.2.8
        version: 5.2.8
      '@tilia/react':
        specifier: 5.0.0-beta.20251218T180640
        version: 5.0.0-beta.20251218T180640(react@19.2.3)
      common:
        specifier: link:common
        version: link:common
      executor:
        specifier: link:executor
        version: link:executor
      executor-ui:
        specifier: link:executor-ui
        version: link:executor-ui
      lucide-react:
        specifier: ^0.555.0
        version: 0.555.0(react@19.2.3)
      pg:
        specifier: ^8.16.3
        version: 8.16.3
      pg-listener:
        specifier: ^1.1.3
        version: 1.1.3(pg-promise@12.3.0(pg-query-stream@4.10.3(pg@8.16.3)))
      pg-promise:
        specifier: ^12.3.0
        version: 12.3.0(pg-query-stream@4.10.3(pg@8.16.3))
      react:
        specifier: ^19.2.3
        version: 19.2.3
      react-dom:
        specifier: ^19.2.3
        version: 19.2.3(react@19.2.3)
      tilia:
        specifier: 5.0.0-beta.20251218T180640
        version: 5.0.0-beta.20251218T180640
    devDependencies:
      bun-plugin-tailwind:
        specifier: ^0.1.2
        version: 0.1.2(bun@1.3.3)
      tailwindcss:
        specifier: ^4.1.18
        version: 4.1.18

packages:

  '@fontsource/inter@5.2.8':
    resolution: {integrity: sha512-P6r5WnJoKiNVV+zvW2xM13gNdFhAEpQ9dQJHt3naLvfg+LkF2ldgSLiF4T41lf1SQCM9QmkqPTn4TH568IRagg==}

  '@oven/bun-darwin-aarch64@1.3.3':
    resolution: {integrity: sha512-eJopQrUk0WR7jViYDC29+Rp50xGvs4GtWOXBeqCoFMzutkkO3CZvHehA4JqnjfWMTSS8toqvRhCSOpOz62Wf9w==}
    cpu: [arm64]
    os: [darwin]

  '@oven/bun-darwin-x64-baseline@1.3.3':
    resolution: {integrity: sha512-1ij4wQ9ECLFf1XFry+IFUN+28if40ozDqq6+QtuyOhIwraKzXOlAUbILhRMGvM3ED3yBex2mTwlKpA4Vja/V2g==}
    cpu: [x64]
    os: [darwin]

  '@oven/bun-darwin-x64@1.3.3':
    resolution: {integrity: sha512-xGDePueVFrNgkS+iN0QdEFeRrx2MQ5hQ9ipRFu7N73rgoSSJsFlOKKt2uGZzunczedViIfjYl0ii0K4E9aZ0Ow==}
    cpu: [x64]
    os: [darwin]

  '@oven/bun-linux-aarch64-musl@1.3.3':
    resolution: {integrity: sha512-XWQ3tV/gtZj0wn2AdSUq/tEOKWT4OY+Uww70EbODgrrq00jxuTfq5nnYP6rkLD0M/T5BHJdQRSfQYdIni9vldw==}
    cpu: [arm64]
    os: [linux]

  '@oven/bun-linux-aarch64@1.3.3':
    resolution: {integrity: sha512-DabZ3Mt1XcJneWdEEug8l7bCPVvDBRBpjUIpNnRnMFWFnzr8KBEpMcaWTwYOghjXyJdhB4MPKb19MwqyQ+FHAw==}
    cpu: [arm64]
    os: [linux]

  '@oven/bun-linux-x64-baseline@1.3.3':
    resolution: {integrity: sha512-IU8pxhIf845psOv55LqJyL+tSUc6HHMfs6FGhuJcAnyi92j+B1HjOhnFQh9MW4vjoo7do5F8AerXlvk59RGH2w==}
    cpu: [x64]
    os: [linux]

  '@oven/bun-linux-x64-musl-baseline@1.3.3':
    resolution: {integrity: sha512-JoRTPdAXRkNYouUlJqEncMWUKn/3DiWP03A7weBbtbsKr787gcdNna2YeyQKCb1lIXE4v1k18RM3gaOpQobGIQ==}
    cpu: [x64]
    os: [linux]

  '@oven/bun-linux-x64-musl@1.3.3':
    resolution: {integrity: sha512-xNSDRPn1yyObKteS8fyQogwsS4eCECswHHgaKM+/d4wy/omZQrXn8ZyGm/ZF9B73UfQytUfbhE7nEnrFq03f0w==}
    cpu: [x64]
    os: [linux]

  '@oven/bun-linux-x64@1.3.3':
    resolution: {integrity: sha512-7eIARtKZKZDtah1aCpQUj/1/zT/zHRR063J6oAxZP9AuA547j5B9OM2D/vi/F4En7Gjk9FPjgPGTSYeqpQDzJw==}
    cpu: [x64]
    os: [linux]

  '@oven/bun-windows-x64-baseline@1.3.3':
    resolution: {integrity: sha512-u5eZHKq6TPJSE282KyBOicGQ2trkFml0RoUfqkPOJVo7TXGrsGYYzdsugZRnVQY/WEmnxGtBy4T3PAaPqgQViA==}
    cpu: [x64]
    os: [win32]

  '@oven/bun-windows-x64@1.3.3':
    resolution: {integrity: sha512-kWqa1LKvDdAIzyfHxo3zGz3HFWbFHDlrNK77hKjUN42ycikvZJ+SHSX76+1OW4G8wmLETX4Jj+4BM1y01DQRIQ==}
    cpu: [x64]
    os: [win32]

  '@tilia/react@5.0.0-beta.20251218T180640':
    resolution: {integrity: sha512-9H0h4FkeJVLvRIQJXjAnlWV2s8CpwZ9T00aNWR3XClPjpYive8CgHhO/8yOjWSkVDvKSGz0QFUg5H9vJRU35Fw==}
    peerDependencies:
      react: '*'

  assert-options@0.8.3:
    resolution: {integrity: sha512-s6v4HnA+vYSGO4eZX+F+I3gvF74wPk+m6Z1Q3w1Dsg4Pnv/R24vhKAasoMVZGvDpOOfTg1Qz4ptZnEbuy95XsQ==}
    engines: {node: '>=14.0.0'}

  bun-plugin-tailwind@0.1.2:
    resolution: {integrity: sha512-41jNC1tZRSK3s1o7pTNrLuQG8kL/0vR/JgiTmZAJ1eHwe0w5j6HFPKeqEk0WAD13jfrUC7+ULuewFBBCoADPpg==}
    peerDependencies:
      bun: '>=1.0.0'

  bun@1.3.3:
    resolution: {integrity: sha512-2hJ4ocTZ634/Ptph4lysvO+LbbRZq8fzRvMwX0/CqaLBxrF2UB5D1LdMB8qGcdtCer4/VR9Bx5ORub0yn+yzmw==}
    cpu: [arm64, x64]
    os: [darwin, linux, win32]
    hasBin: true

  lucide-react@0.555.0:
    resolution: {integrity: sha512-D8FvHUGbxWBRQM90NZeIyhAvkFfsh3u9ekrMvJ30Z6gnpBHS6HC6ldLg7tL45hwiIz/u66eKDtdA23gwwGsAHA==}
    peerDependencies:
      react: ^16.5.1 || ^17.0.0 || ^18.0.0 || ^19.0.0

  pg-cloudflare@1.2.7:
    resolution: {integrity: sha512-YgCtzMH0ptvZJslLM1ffsY4EuGaU0cx4XSdXLRFae8bPP4dS5xL1tNB3k2o/N64cHJpwU7dxKli/nZ2lUa5fLg==}

  pg-connection-string@2.9.1:
    resolution: {integrity: sha512-nkc6NpDcvPVpZXxrreI/FOtX3XemeLl8E0qFr6F2Lrm/I8WOnaWNhIPK2Z7OHpw7gh5XJThi6j6ppgNoaT1w4w==}

  pg-cursor@2.15.3:
    resolution: {integrity: sha512-eHw63TsiGtFEfAd7tOTZ+TLy+i/2ePKS20H84qCQ+aQ60pve05Okon9tKMC+YN3j6XyeFoHnaim7Lt9WVafQsA==}
    peerDependencies:
      pg: ^8

  pg-int8@1.0.1:
    resolution: {integrity: sha512-WCtabS6t3c8SkpDBUlb1kjOs7l66xsGdKpIPZsg4wR+B3+u9UAum2odSsF9tnvxg80h4ZxLWMy4pRjOsFIqQpw==}
    engines: {node: '>=4.0.0'}

  pg-listener@1.1.3:
    resolution: {integrity: sha512-mPYFyW14UW3xmR+wFp8EwzefTFKkYoPcEtC1bWq8eZEvkea3a/JQ4rF9UeeySz6RDQa3wqCdNUHwRsd/LZAZvw==}
    engines: {node: '>=16'}
    peerDependencies:
      pg-promise: '>=10'

  pg-minify@1.8.0:
    resolution: {integrity: sha512-jO/oJOununpx8DzKgvSsWm61P8JjwXlaxSlbbfTBo1nvSWoo/+I6qZYaSN96jm/KDwa5d+JMQwPGgcP6HXDRow==}
    engines: {node: '>=16.0.0'}

  pg-pool@3.10.1:
    resolution: {integrity: sha512-Tu8jMlcX+9d8+QVzKIvM/uJtp07PKr82IUOYEphaWcoBhIYkoHpLXN3qO59nAI11ripznDsEzEv8nUxBVWajGg==}
    peerDependencies:
      pg: '>=8.0'

  pg-promise@12.3.0:
    resolution: {integrity: sha512-uT3cPdn7huMgc1pfJwBey5aruKXTSyHtt/OxPdjUhVVEP/YftvFlSDkVnKopf1WTRyBSVV5ctv8pXKMBehvIpA==}
    engines: {node: '>=16.0'}
    peerDependencies:
      pg-query-stream: 4.10.3

  pg-protocol@1.10.3:
    resolution: {integrity: sha512-6DIBgBQaTKDJyxnXaLiLR8wBpQQcGWuAESkRBX/t6OwA8YsqP+iVSiond2EDy6Y/dsGk8rh/jtax3js5NeV7JQ==}

  pg-query-stream@4.10.3:
    resolution: {integrity: sha512-h2utrzpOIzeT9JfaqfvBbVuvCfBjH86jNfVrGGTbyepKAIOyTfDew0lAt8bbJjs9n/I5bGDl7S2sx6h5hPyJxw==}
    peerDependencies:
      pg: ^8

  pg-types@2.2.0:
    resolution: {integrity: sha512-qTAAlrEsl8s4OiEQY69wDvcMIdQN6wdz5ojQiOy6YRMuynxenON0O5oCpJI6lshc6scgAY8qvJ2On/p+CXY0GA==}
    engines: {node: '>=4'}

  pg@8.16.3:
    resolution: {integrity: sha512-enxc1h0jA/aq5oSDMvqyW3q89ra6XIIDZgCX9vkMrnz5DFTw/Ny3Li2lFQ+pt3L6MCgm/5o2o8HW9hiJji+xvw==}
    engines: {node: '>= 16.0.0'}
    peerDependencies:
      pg-native: '>=3.0.1'
    peerDependenciesMeta:
      pg-native:
        optional: true

  pgpass@1.0.5:
    resolution: {integrity: sha512-FdW9r/jQZhSeohs1Z3sI1yxFQNFvMcnmfuj4WBMUTxOrAyLMaTcE1aAMBiTlbMNaXvBCQuVi0R7hd8udDSP7ug==}

  postgres-array@2.0.0:
    resolution: {integrity: sha512-VpZrUqU5A69eQyW2c5CA1jtLecCsN2U/bD6VilrFDWq5+5UIEVO7nazS3TEcHf1zuPYO/sqGvUvW62g86RXZuA==}
    engines: {node: '>=4'}

  postgres-bytea@1.0.0:
    resolution: {integrity: sha512-xy3pmLuQqRBZBXDULy7KbaitYqLcmxigw14Q5sj8QBVLqEwXfeybIKVWiqAXTlcvdvb0+xkOtDbfQMOf4lST1w==}
    engines: {node: '>=0.10.0'}

  postgres-date@1.0.7:
    resolution: {integrity: sha512-suDmjLVQg78nMK2UZ454hAG+OAW+HQPZ6n++TNDUX+L0+uUlLywnoxJKDou51Zm+zTCjrCl0Nq6J9C5hP9vK/Q==}
    engines: {node: '>=0.10.0'}

  postgres-interval@1.2.0:
    resolution: {integrity: sha512-9ZhXKM/rw350N1ovuWHbGxnGh/SNJ4cnxHiM0rxE4VN41wsg8P8zWn9hv/buK00RP4WvlOyr/RBDiptyxVbkZQ==}
    engines: {node: '>=0.10.0'}

  react-dom@19.2.3:
    resolution: {integrity: sha512-yELu4WmLPw5Mr/lmeEpox5rw3RETacE++JgHqQzd2dg+YbJuat3jH4ingc+WPZhxaoFzdv9y33G+F7Nl5O0GBg==}
    peerDependencies:
      react: ^19.2.3

  react@19.2.3:
    resolution: {integrity: sha512-Ku/hhYbVjOQnXDZFv2+RibmLFGwFdeeKHFcOTlrt7xplBnya5OGn/hIRDsqDiSUcfORsDC7MPxwork8jBwsIWA==}
    engines: {node: '>=0.10.0'}

  scheduler@0.27.0:
    resolution: {integrity: sha512-eNv+WrVbKu1f3vbYJT/xtiF5syA5HPIMtf9IgY/nKg0sWqzAUEvqY/xm7OcZc/qafLx/iO9FgOmeSAp4v5ti/Q==}

  spex@4.1.0:
    resolution: {integrity: sha512-ktgNAQ1X9x1A3IMChM6XBDeVjhGPbLgPQ8aEzGOaUIhZTnLeJSBApvi3gXT789hee6h73N3jOeWkXDwoPbYT/A==}
    engines: {node: '>=18.0.0'}

  split2@4.2.0:
    resolution: {integrity: sha512-UcjcJOWknrNkF6PLX83qcHM6KHgVKNkV62Y8a5uYDVv9ydGQVwAHMKqHdJje1VTWpljG0WYpCDhrCdAOYH4TWg==}
    engines: {node: '>= 10.x'}

  tailwindcss@4.1.18:
    resolution: {integrity: sha512-4+Z+0yiYyEtUVCScyfHCxOYP06L5Ne+JiHhY2IjR2KWMIWhJOYZKLSGZaP5HkZ8+bY0cxfzwDE5uOmzFXyIwxw==}

  tilia@5.0.0-beta.20251218T180640:
    resolution: {integrity: sha512-sN+tYNkXXnRss0tWBTSnIwVa1DjY9UWVuOLtEHiSTBbPloe9EkiEPZuIok4VYmnX1VpHrZI3T/NJLKo0I8yQqw==}

  xtend@4.0.2:
    resolution: {integrity: sha512-LKYU1iAXJXUgAXn9URjiu+MWhyUXHsvfp7mcuYm9dSUKK0/CjtrUwFAxD82/mCWbtLsGjFIad0wIsod4zrTAEQ==}
    engines: {node: '>=0.4'}

snapshots:

  '@fontsource/inter@5.2.8': {}

  '@oven/bun-darwin-aarch64@1.3.3':
    optional: true

  '@oven/bun-darwin-x64-baseline@1.3.3':
    optional: true

  '@oven/bun-darwin-x64@1.3.3':
    optional: true

  '@oven/bun-linux-aarch64-musl@1.3.3':
    optional: true

  '@oven/bun-linux-aarch64@1.3.3':
    optional: true

  '@oven/bun-linux-x64-baseline@1.3.3':
    optional: true

  '@oven/bun-linux-x64-musl-baseline@1.3.3':
    optional: true

  '@oven/bun-linux-x64-musl@1.3.3':
    optional: true

  '@oven/bun-linux-x64@1.3.3':
    optional: true

  '@oven/bun-windows-x64-baseline@1.3.3':
    optional: true

  '@oven/bun-windows-x64@1.3.3':
    optional: true

  '@tilia/react@5.0.0-beta.20251218T180640(react@19.2.3)':
    dependencies:
      react: 19.2.3
      tilia: 5.0.0-beta.20251218T180640

  assert-options@0.8.3: {}

  bun-plugin-tailwind@0.1.2(bun@1.3.3):
    dependencies:
      bun: 1.3.3

  bun@1.3.3:
    optionalDependencies:
      '@oven/bun-darwin-aarch64': 1.3.3
      '@oven/bun-darwin-x64': 1.3.3
      '@oven/bun-darwin-x64-baseline': 1.3.3
      '@oven/bun-linux-aarch64': 1.3.3
      '@oven/bun-linux-aarch64-musl': 1.3.3
      '@oven/bun-linux-x64': 1.3.3
      '@oven/bun-linux-x64-baseline': 1.3.3
      '@oven/bun-linux-x64-musl': 1.3.3
      '@oven/bun-linux-x64-musl-baseline': 1.3.3
      '@oven/bun-windows-x64': 1.3.3
      '@oven/bun-windows-x64-baseline': 1.3.3

  lucide-react@0.555.0(react@19.2.3):
    dependencies:
      react: 19.2.3

  pg-cloudflare@1.2.7:
    optional: true

  pg-connection-string@2.9.1: {}

  pg-cursor@2.15.3(pg@8.16.3):
    dependencies:
      pg: 8.16.3

  pg-int8@1.0.1: {}

  pg-listener@1.1.3(pg-promise@12.3.0(pg-query-stream@4.10.3(pg@8.16.3))):
    dependencies:
      pg-promise: 12.3.0(pg-query-stream@4.10.3(pg@8.16.3))

  pg-minify@1.8.0: {}

  pg-pool@3.10.1(pg@8.16.3):
    dependencies:
      pg: 8.16.3

  pg-promise@12.3.0(pg-query-stream@4.10.3(pg@8.16.3)):
    dependencies:
      assert-options: 0.8.3
      pg: 8.16.3
      pg-minify: 1.8.0
      pg-query-stream: 4.10.3(pg@8.16.3)
      spex: 4.1.0
    transitivePeerDependencies:
      - pg-native

  pg-protocol@1.10.3: {}

  pg-query-stream@4.10.3(pg@8.16.3):
    dependencies:
      pg: 8.16.3
      pg-cursor: 2.15.3(pg@8.16.3)

  pg-types@2.2.0:
    dependencies:
      pg-int8: 1.0.1
      postgres-array: 2.0.0
      postgres-bytea: 1.0.0
      postgres-date: 1.0.7
      postgres-interval: 1.2.0

  pg@8.16.3:
    dependencies:
      pg-connection-string: 2.9.1
      pg-pool: 3.10.1(pg@8.16.3)
      pg-protocol: 1.10.3
      pg-types: 2.2.0
      pgpass: 1.0.5
    optionalDependencies:
      pg-cloudflare: 1.2.7

  pgpass@1.0.5:
    dependencies:
      split2: 4.2.0

  postgres-array@2.0.0: {}

  postgres-bytea@1.0.0: {}

  postgres-date@1.0.7: {}

  postgres-interval@1.2.0:
    dependencies:
      xtend: 4.0.2

  react-dom@19.2.3(react@19.2.3):
    dependencies:
      react: 19.2.3
      scheduler: 0.27.0

  react@19.2.3: {}

  scheduler@0.27.0: {}

  spex@4.1.0: {}

  split2@4.2.0: {}

  tailwindcss@4.1.18: {}

  tilia@5.0.0-beta.20251218T180640: {}

  xtend@4.0.2: {}
