lockfileVersion: '9.0'

settings:
  autoInstallPeers: true
  excludeLinksFromLockfile: false

overrides:
  '@tilia/react': link:../../tilia/react

importers:

  .:
    dependencies:
      '@fontsource/inter':
        specifier: ^5.2.8
        version: 5.2.8
      '@rescript/react':
        specifier: ^0.14.0
        version: 0.14.0(react-dom@19.2.0(react@19.2.0))(react@19.2.0)
      '@rescript/webapi':
        specifier: 0.1.0-experimental-ca5db29
        version: 0.1.0-experimental-ca5db29(rescript@12.0.0)
      '@tilia/react':
        specifier: link:../../tilia/react
        version: link:../../tilia/react
      '@tilia/tilia':
        specifier: link:/Users/briankaplan/dev-current/tilia/tilia
        version: link:../../tilia/tilia
      lucide-react:
        specifier: ^0.555.0
        version: 0.555.0(react@19.2.0)
      react:
        specifier: 19.2.0
        version: 19.2.0
      react-datepicker:
        specifier: ^8.10.0
        version: 8.10.0(react-dom@19.2.0(react@19.2.0))(react@19.2.0)
      rescript:
        specifier: 12.0.0
        version: 12.0.0
      rescript-bun:
        specifier: ^2.1.0
        version: 2.1.0(rescript@12.0.0)
      tailwindcss:
        specifier: ^4.1.17
        version: 4.1.17
    devDependencies:
      '@types/bun':
        specifier: latest
        version: 1.3.3
      rescript-embed-lang:
        specifier: ^0.5.5
        version: 0.5.5

packages:

  '@floating-ui/core@1.7.3':
    resolution: {integrity: sha512-sGnvb5dmrJaKEZ+LDIpguvdX3bDlEllmv4/ClQ9awcmCZrlx5jQyyMWFM5kBI+EyNOCDDiKk8il0zeuX3Zlg/w==}

  '@floating-ui/dom@1.7.4':
    resolution: {integrity: sha512-OOchDgh4F2CchOX94cRVqhvy7b3AFb+/rQXyswmzmGakRfkMgoWVjfnLWkRirfLEfuD4ysVW16eXzwt3jHIzKA==}

  '@floating-ui/react-dom@2.1.6':
    resolution: {integrity: sha512-4JX6rEatQEvlmgU80wZyq9RT96HZJa88q8hp0pBd+LrczeDI4o6uA2M+uvxngVHo4Ihr8uibXxH6+70zhAFrVw==}
    peerDependencies:
      react: '>=16.8.0'
      react-dom: '>=16.8.0'

  '@floating-ui/react@0.27.16':
    resolution: {integrity: sha512-9O8N4SeG2z++TSM8QA/KTeKFBVCNEz/AGS7gWPJf6KFRzmRWixFRnCnkPHRDwSVZW6QPDO6uT0P2SpWNKCc9/g==}
    peerDependencies:
      react: '>=17.0.0'
      react-dom: '>=17.0.0'

  '@floating-ui/utils@0.2.10':
    resolution: {integrity: sha512-aGTxbpbg8/b5JfU1HXSrbH3wXZuLPJcNEcZQFMxLs3oSzgtVu6nFPkbbGGUvBcUjKV2YyB9Wxxabo+HEH9tcRQ==}

  '@fontsource/inter@5.2.8':
    resolution: {integrity: sha512-P6r5WnJoKiNVV+zvW2xM13gNdFhAEpQ9dQJHt3naLvfg+LkF2ldgSLiF4T41lf1SQCM9QmkqPTn4TH568IRagg==}

  '@rescript/darwin-arm64@12.0.0':
    resolution: {integrity: sha512-N2zNj/Uh0zrg8BJGWxdQjYTDf0d2ZV8D+Vmct8xORaUcEZvAkvZb+xA66UxP2QGhWmATcHmBth7oJ48xpWz/Vg==}
    engines: {node: '>=20.11.0'}
    cpu: [arm64]
    os: [darwin]

  '@rescript/darwin-x64@12.0.0':
    resolution: {integrity: sha512-Qx/ao3Fl2lx3rF8mbRsyRK5HGAx8pmzyCdpSIAaUun5wLBnsJbNqgvqUH7VeI2TwaczHvcIljrYmnB7T5LJdFQ==}
    engines: {node: '>=20.11.0'}
    cpu: [x64]
    os: [darwin]

  '@rescript/linux-arm64@12.0.0':
    resolution: {integrity: sha512-H65csj/0uqqjYy235m0h5CFxbrsas6RoVfjy5Xjf91Vyg/r5R/QIGQvhMtFvl4QojYsa1wXzXGcujwXh+S15xQ==}
    engines: {node: '>=20.11.0'}
    cpu: [arm64]
    os: [linux]

  '@rescript/linux-x64@12.0.0':
    resolution: {integrity: sha512-WizQwyfMadxF096foZYU3I4zxcnNIc9XP7TP4fqdfe0v6OvQ5yHMI/uIfOsJ1GfNALce2UxvgS0pn67uxc55uA==}
    engines: {node: '>=20.11.0'}
    cpu: [x64]
    os: [linux]

  '@rescript/react@0.14.0':
    resolution: {integrity: sha512-ncOHWK7ujQmff+QMYKRmtwETvJVolzkwRpDa0MFenEXdUz9ZYywNbq+xH9F9RDQeSwC3/4s9JeUQVyTu4fMpHw==}
    peerDependencies:
      react: '>=19.0.0'
      react-dom: '>=19.0.0'

  '@rescript/runtime@12.0.0':
    resolution: {integrity: sha512-STRbYHT5rnW61vWn2+Bdtj620XaprnoBSbPbkvOYZ+Zs8nfqtpBjhNw+JNpGQLXf73crk6MhxFGPxL2o5vb8TQ==}

  '@rescript/webapi@0.1.0-experimental-ca5db29':
    resolution: {integrity: sha512-ljByn633TQr+FomdiU1GwgpXunrqg92x++sDzIjWRwgDpiDW92cFtHSAb4vJYsT5NNsYZnhVNQsdh18VF4rkpQ==}
    peerDependencies:
      rescript: '>=12.0.0 <13'

  '@rescript/win32-x64@12.0.0':
    resolution: {integrity: sha512-kkqj4kQGbni5YglWoPm76M6hUuzKJHDEiLce5EZxW2Q4FrkS9dNRgm02c2Ck1cz/uKCS3m+ZoKQGIMMXTvo5Jw==}
    engines: {node: '>=20.11.0'}
    cpu: [x64]
    os: [win32]

  '@types/bun@1.3.3':
    resolution: {integrity: sha512-ogrKbJ2X5N0kWLLFKeytG0eHDleBYtngtlbu9cyBKFtNL3cnpDZkNdQj8flVf6WTZUX5ulI9AY1oa7ljhSrp+g==}

  '@types/node@24.10.1':
    resolution: {integrity: sha512-GNWcUTRBgIRJD5zj+Tq0fKOJ5XZajIiBroOF0yvj2bSU1WvNdYS/dn9UxwsujGW4JX06dnHyjV2y9rRaybH0iQ==}

  bun-types@1.3.3:
    resolution: {integrity: sha512-z3Xwlg7j2l9JY27x5Qn3Wlyos8YAp0kKRlrePAOjgjMGS5IG6E7Jnlx736vH9UVI4wUICwwhC9anYL++XeOgTQ==}

  clsx@2.1.1:
    resolution: {integrity: sha512-eYm0QWBtUrBWZWG0d386OGAw16Z995PiOVo2B7bjWSbHedGl5e0ZWaq65kOGgUSNesEIDkB9ISbTg/JK9dhCZA==}
    engines: {node: '>=6'}

  date-fns@4.1.0:
    resolution: {integrity: sha512-Ukq0owbQXxa/U3EGtsdVBkR1w7KOQ5gIBqdH2hkvknzZPYvBxb/aa6E8L7tmjFtkwZBu3UXBbjIgPo/Ez4xaNg==}

  lucide-react@0.555.0:
    resolution: {integrity: sha512-D8FvHUGbxWBRQM90NZeIyhAvkFfsh3u9ekrMvJ30Z6gnpBHS6HC6ldLg7tL45hwiIz/u66eKDtdA23gwwGsAHA==}
    peerDependencies:
      react: ^16.5.1 || ^17.0.0 || ^18.0.0 || ^19.0.0

  react-datepicker@8.10.0:
    resolution: {integrity: sha512-JIXuA+g+qP3c4MVJpx24o7n1gnv3WV/8A/D6964HucY1FlSEc30+ITPNUfbKZXYHl5rruCtxYCwi2lzn7gaz7g==}
    peerDependencies:
      react: ^16.9.0 || ^17 || ^18 || ^19 || ^19.0.0-rc
      react-dom: ^16.9.0 || ^17 || ^18 || ^19 || ^19.0.0-rc

  react-dom@19.2.0:
    resolution: {integrity: sha512-UlbRu4cAiGaIewkPyiRGJk0imDN2T3JjieT6spoL2UeSf5od4n5LB/mQ4ejmxhCFT1tYe8IvaFulzynWovsEFQ==}
    peerDependencies:
      react: ^19.2.0

  react@19.2.0:
    resolution: {integrity: sha512-tmbWg6W31tQLeB5cdIBOicJDJRR2KzXsV7uSK9iNfLWQ5bIZfxuPEHp7M8wiHyHnn0DD1i7w3Zmin0FtkrwoCQ==}
    engines: {node: '>=0.10.0'}

  rescript-bun@2.1.0:
    resolution: {integrity: sha512-8INIikN97UlmJgPy5DAnx0fzkqq8Ux6Glj6iYE+SURfLr66PsgaVTgpmlpXBrBjTM/bhaAL82Ulc0gI60YdFYg==}
    peerDependencies:
      rescript: '>= 12.0.0-alpha.4'

  rescript-embed-lang@0.5.5:
    resolution: {integrity: sha512-XImHvK8bUsRmoalwlcVTHeUGN7frcs4PO5Dkj0xAcKkXC5HN2jepJ3sJbdVRhFyKIpzRt3w+MmaAbOi3Q085Dg==}

  rescript@12.0.0:
    resolution: {integrity: sha512-DGcZI2L5W0c6FuEnspLE0MIe1UtTt1VsW/vQfzBFCEBxSsQtoA6YRHUB8Puwnb30PHqZiFK1ADhn6UgA8LWK0A==}
    engines: {node: '>=20.11.0'}
    hasBin: true

  scheduler@0.27.0:
    resolution: {integrity: sha512-eNv+WrVbKu1f3vbYJT/xtiF5syA5HPIMtf9IgY/nKg0sWqzAUEvqY/xm7OcZc/qafLx/iO9FgOmeSAp4v5ti/Q==}

  tabbable@6.3.0:
    resolution: {integrity: sha512-EIHvdY5bPLuWForiR/AN2Bxngzpuwn1is4asboytXtpTgsArc+WmSJKVLlhdh71u7jFcryDqB2A8lQvj78MkyQ==}

  tailwindcss@4.1.17:
    resolution: {integrity: sha512-j9Ee2YjuQqYT9bbRTfTZht9W/ytp5H+jJpZKiYdP/bpnXARAuELt9ofP0lPnmHjbga7SNQIxdTAXCmtKVYjN+Q==}

  undici-types@7.16.0:
    resolution: {integrity: sha512-Zz+aZWSj8LE6zoxD+xrjh4VfkIG8Ya6LvYkZqtUQGJPZjYl53ypCaUwWqo7eI0x66KBGeRo+mlBEkMSeSZ38Nw==}

snapshots:

  '@floating-ui/core@1.7.3':
    dependencies:
      '@floating-ui/utils': 0.2.10

  '@floating-ui/dom@1.7.4':
    dependencies:
      '@floating-ui/core': 1.7.3
      '@floating-ui/utils': 0.2.10

  '@floating-ui/react-dom@2.1.6(react-dom@19.2.0(react@19.2.0))(react@19.2.0)':
    dependencies:
      '@floating-ui/dom': 1.7.4
      react: 19.2.0
      react-dom: 19.2.0(react@19.2.0)

  '@floating-ui/react@0.27.16(react-dom@19.2.0(react@19.2.0))(react@19.2.0)':
    dependencies:
      '@floating-ui/react-dom': 2.1.6(react-dom@19.2.0(react@19.2.0))(react@19.2.0)
      '@floating-ui/utils': 0.2.10
      react: 19.2.0
      react-dom: 19.2.0(react@19.2.0)
      tabbable: 6.3.0

  '@floating-ui/utils@0.2.10': {}

  '@fontsource/inter@5.2.8': {}

  '@rescript/darwin-arm64@12.0.0':
    optional: true

  '@rescript/darwin-x64@12.0.0':
    optional: true

  '@rescript/linux-arm64@12.0.0':
    optional: true

  '@rescript/linux-x64@12.0.0':
    optional: true

  '@rescript/react@0.14.0(react-dom@19.2.0(react@19.2.0))(react@19.2.0)':
    dependencies:
      react: 19.2.0
      react-dom: 19.2.0(react@19.2.0)

  '@rescript/runtime@12.0.0': {}

  '@rescript/webapi@0.1.0-experimental-ca5db29(rescript@12.0.0)':
    dependencies:
      rescript: 12.0.0

  '@rescript/win32-x64@12.0.0':
    optional: true

  '@types/bun@1.3.3':
    dependencies:
      bun-types: 1.3.3

  '@types/node@24.10.1':
    dependencies:
      undici-types: 7.16.0

  bun-types@1.3.3:
    dependencies:
      '@types/node': 24.10.1

  clsx@2.1.1: {}

  date-fns@4.1.0: {}

  lucide-react@0.555.0(react@19.2.0):
    dependencies:
      react: 19.2.0

  react-datepicker@8.10.0(react-dom@19.2.0(react@19.2.0))(react@19.2.0):
    dependencies:
      '@floating-ui/react': 0.27.16(react-dom@19.2.0(react@19.2.0))(react@19.2.0)
      clsx: 2.1.1
      date-fns: 4.1.0
      react: 19.2.0
      react-dom: 19.2.0(react@19.2.0)

  react-dom@19.2.0(react@19.2.0):
    dependencies:
      react: 19.2.0
      scheduler: 0.27.0

  react@19.2.0: {}

  rescript-bun@2.1.0(rescript@12.0.0):
    dependencies:
      rescript: 12.0.0

  rescript-embed-lang@0.5.5: {}

  rescript@12.0.0:
    dependencies:
      '@rescript/runtime': 12.0.0
    optionalDependencies:
      '@rescript/darwin-arm64': 12.0.0
      '@rescript/darwin-x64': 12.0.0
      '@rescript/linux-arm64': 12.0.0
      '@rescript/linux-x64': 12.0.0
      '@rescript/win32-x64': 12.0.0

  scheduler@0.27.0: {}

  tabbable@6.3.0: {}

  tailwindcss@4.1.17: {}

  undici-types@7.16.0: {}
